
Microsoft Visual Studio Solution File, Format Version 12.00
# Visual Studio 15
VisualStudioVersion = 15.0.28307.168
MinimumVisualStudioVersion = 10.0.40219.1
Project("{FAE04EC0-301F-11D3-BF4B-00C04F79EFBC}") = "BF2-Singleplayer-Weapons-Unlocker", "BF2-Singleplayer-Weapons-Unlocker\BF2-Singleplayer-Weapons-Unlocker.csproj", "{85EDE443-6576-4A28-90A4-8B1E5B22166D}"
EndProject
Global
	GlobalSection(SolutionConfigurationPlatforms) = preSolution
		Debug|Any CPU = Debug|Any CPU
		Release|Any CPU = Release|Any CPU
	EndGlobalSection
	GlobalSection(ProjectConfigurationPlatforms) = postSolution
		{85EDE443-6576-4A28-90A4-8B1E5B22166D}.Debug|Any CPU.ActiveCfg = Debug|Any CPU
		{85EDE443-6576-4A28-90A4-8B1E5B22166D}.Debug|Any CPU.Build.0 = Debug|Any CPU
		{85EDE443-6576-4A28-90A4-8B1E5B22166D}.Release|Any CPU.ActiveCfg = Release|Any CPU
		{85EDE443-6576-4A28-90A4-8B1E5B22166D}.Release|Any CPU.Build.0 = Release|Any CPU
	EndGlobalSection
	GlobalSection(SolutionProperties) = preSolution
		HideSolutionNode = FALSE
	EndGlobalSection
	GlobalSection(ExtensibilityGlobals) = postSolution
		SolutionGuid = {31D5FB31-743F-4982-BBDE-1596B9425DFE}
	EndGlobalSection
EndGlobal
